// !$*UTF8*$!
{
	archiveVersion = 1;
	classes = {
	};
	objectVersion = 56;
	objects = {

/* Begin PBXBuildFile section */
		15199EF12B8944AA00876ACF /* DashboardVC.swift in Sources */ = {isa = PBXBuildFile; fileRef = 15199EF02B8944AA00876ACF /* DashboardVC.swift */; };
		7079548C2B8866E000F1C8AB /* AppDelegate.swift in Sources */ = {isa = PBXBuildFile; fileRef = 7079548B2B8866E000F1C8AB /* AppDelegate.swift */; };
		7079548E2B8866E000F1C8AB /* SceneDelegate.swift in Sources */ = {isa = PBXBuildFile; fileRef = 7079548D2B8866E000F1C8AB /* SceneDelegate.swift */; };
		707954902B8866E000F1C8AB /* ViewController.swift in Sources */ = {isa = PBXBuildFile; fileRef = 7079548F2B8866E000F1C8AB /* ViewController.swift */; };
		707954932B8866E000F1C8AB /* Main.storyboard in Resources */ = {isa = PBXBuildFile; fileRef = 707954912B8866E000F1C8AB /* Main.storyboard */; };
		707954952B8866E300F1C8AB /* Assets.xcassets in Resources */ = {isa = PBXBuildFile; fileRef = 707954942B8866E300F1C8AB /* Assets.xcassets */; };
		707954982B8866E300F1C8AB /* LaunchScreen.storyboard in Resources */ = {isa = PBXBuildFile; fileRef = 707954962B8866E300F1C8AB /* LaunchScreen.storyboard */; };
		707954A02B886B6D00F1C8AB /* SplashViewController.swift in Sources */ = {isa = PBXBuildFile; fileRef = 7079549F2B886B6D00F1C8AB /* SplashViewController.swift */; };
		7085D4AF2B9A296000F79EAF /* LoginViewController.swift in Sources */ = {isa = PBXBuildFile; fileRef = 7085D4AE2B9A296000F79EAF /* LoginViewController.swift */; };
		B58622DB2B88FF7200639057 /* RegisterViewController.swift in Sources */ = {isa = PBXBuildFile; fileRef = B58622DA2B88FF7200639057 /* RegisterViewController.swift */; };
/* End PBXBuildFile section */

/* Begin PBXFileReference section */
		15199EF02B8944AA00876ACF /* DashboardVC.swift */ = {isa = PBXFileReference; lastKnownFileType = sourcecode.swift; path = DashboardVC.swift; sourceTree = "<group>"; };
		707954882B8866E000F1C8AB /* 44643Sec03Team08Spring2024FinalProject.app */ = {isa = PBXFileReference; explicitFileType = wrapper.application; includeInIndex = 0; path = 44643Sec03Team08Spring2024FinalProject.app; sourceTree = BUILT_PRODUCTS_DIR; };
		7079548B2B8866E000F1C8AB /* AppDelegate.swift */ = {isa = PBXFileReference; lastKnownFileType = sourcecode.swift; path = AppDelegate.swift; sourceTree = "<group>"; };
		7079548D2B8866E000F1C8AB /* SceneDelegate.swift */ = {isa = PBXFileReference; lastKnownFileType = sourcecode.swift; path = SceneDelegate.swift; sourceTree = "<group>"; };
		7079548F2B8866E000F1C8AB /* ViewController.swift */ = {isa = PBXFileReference; lastKnownFileType = sourcecode.swift; path = ViewController.swift; sourceTree = "<group>"; };
		707954922B8866E000F1C8AB /* Base */ = {isa = PBXFileReference; lastKnownFileType = file.storyboard; name = Base; path = Base.lproj/Main.storyboard; sourceTree = "<group>"; };
		707954942B8866E300F1C8AB /* Assets.xcassets */ = {isa = PBXFileReference; lastKnownFileType = folder.assetcatalog; path = Assets.xcassets; sourceTree = "<group>"; };
		707954972B8866E300F1C8AB /* Base */ = {isa = PBXFileReference; lastKnownFileType = file.storyboard; name = Base; path = Base.lproj/LaunchScreen.storyboard; sourceTree = "<group>"; };
		707954992B8866E300F1C8AB /* Info.plist */ = {isa = PBXFileReference; lastKnownFileType = text.plist.xml; path = Info.plist; sourceTree = "<group>"; };
		7079549F2B886B6D00F1C8AB /* SplashViewController.swift */ = {isa = PBXFileReference; lastKnownFileType = sourcecode.swift; path = SplashViewController.swift; sourceTree = "<group>"; };
		7085D4AE2B9A296000F79EAF /* LoginViewController.swift */ = {isa = PBXFileReference; lastKnownFileType = sourcecode.swift; path = LoginViewController.swift; sourceTree = "<group>"; };
		B58622DA2B88FF7200639057 /* RegisterViewController.swift */ = {isa = PBXFileReference; lastKnownFileType = sourcecode.swift; path = RegisterViewController.swift; sourceTree = "<group>"; };
/* End PBXFileReference section */

/* Begin PBXFrameworksBuildPhase section */
		707954852B8866E000F1C8AB /* Frameworks */ = {
			isa = PBXFrameworksBuildPhase;
			buildActionMask = 2147483647;
			files = (
			);
			runOnlyForDeploymentPostprocessing = 0;
		};
/* End PBXFrameworksBuildPhase section */

/* Begin PBXGroup section */
		7079547F2B8866E000F1C8AB = {
			isa = PBXGroup;
			children = (
				7079548A2B8866E000F1C8AB /* 44643Sec03Team08Spring2024FinalProject */,
				707954892B8866E000F1C8AB /* Products */,
			);
			sourceTree = "<group>";
		};
		707954892B8866E000F1C8AB /* Products */ = {
			isa = PBXGroup;
			children = (
				707954882B8866E000F1C8AB /* 44643Sec03Team08Spring2024FinalProject.app */,
			);
			name = Products;
			sourceTree = "<group>";
		};
		7079548A2B8866E000F1C8AB /* 44643Sec03Team08Spring2024FinalProject */ = {
			isa = PBXGroup;
			children = (
				7079548B2B8866E000F1C8AB /* AppDelegate.swift */,
				7079548D2B8866E000F1C8AB /* SceneDelegate.swift */,
				7079548F2B8866E000F1C8AB /* ViewController.swift */,
				707954912B8866E000F1C8AB /* Main.storyboard */,
				7085D4AE2B9A296000F79EAF /* LoginViewController.swift */,
				15199EF02B8944AA00876ACF /* DashboardVC.swift */,
				B58622DA2B88FF7200639057 /* RegisterViewController.swift */,
				7079549F2B886B6D00F1C8AB /* SplashViewController.swift */,
				707954942B8866E300F1C8AB /* Assets.xcassets */,
				707954962B8866E300F1C8AB /* LaunchScreen.storyboard */,
				707954992B8866E300F1C8AB /* Info.plist */,
			);
			path = 44643Sec03Team08Spring2024FinalProject;
			sourceTree = "<group>";
		};
/* End PBXGroup section */

/* Begin PBXNativeTarget section */
		707954872B8866E000F1C8AB /* 44643Sec03Team08Spring2024FinalProject */ = {
			isa = PBXNativeTarget;
			buildConfigurationList = 7079549C2B8866E300F1C8AB /* Build configuration list for PBXNativeTarget "44643Sec03Team08Spring2024FinalProject" */;
			buildPhases = (
				707954842B8866E000F1C8AB /* Sources */,
				707954852B8866E000F1C8AB /* Frameworks */,
				707954862B8866E000F1C8AB /* Resources */,
			);
			buildRules = (
			);
			dependencies = (
			);
			name = 44643Sec03Team08Spring2024FinalProject;
			productName = 44643Sec03Team08Spring2024FinalProject;
			productReference = 707954882B8866E000F1C8AB /* 44643Sec03Team08Spring2024FinalProject.app */;
			productType = "com.apple.product-type.application";
		};
/* End PBXNativeTarget section */

/* Begin PBXProject section */
		707954802B8866E000F1C8AB /* Project object */ = {
			isa = PBXProject;
			attributes = {
				BuildIndependentTargetsInParallel = 1;
				LastSwiftUpdateCheck = 1520;
				LastUpgradeCheck = 1520;
				TargetAttributes = {
					707954872B8866E000F1C8AB = {
						CreatedOnToolsVersion = 15.2;
					};
				};
			};
			buildConfigurationList = 707954832B8866E000F1C8AB /* Build configuration list for PBXProject "44643Sec03Team08Spring2024FinalProject" */;
			compatibilityVersion = "Xcode 14.0";
			developmentRegion = en;
			hasScannedForEncodings = 0;
			knownRegions = (
				en,
				Base,
			);
			mainGroup = 7079547F2B8866E000F1C8AB;
			productRefGroup = 707954892B8866E000F1C8AB /* Products */;
			projectDirPath = "";
			projectRoot = "";
			targets = (
				707954872B8866E000F1C8AB /* 44643Sec03Team08Spring2024FinalProject */,
			);
		};
/* End PBXProject section */

/* Begin PBXResourcesBuildPhase section */
		707954862B8866E000F1C8AB /* Resources */ = {
			isa = PBXResourcesBuildPhase;
			buildActionMask = 2147483647;
			files = (
				707954982B8866E300F1C8AB /* LaunchScreen.storyboard in Resources */,
				707954952B8866E300F1C8AB /* Assets.xcassets in Resources */,
				707954932B8866E000F1C8AB /* Main.storyboard in Resources */,
			);
			runOnlyForDeploymentPostprocessing = 0;
		};
/* End PBXResourcesBuildPhase section */

/* Begin PBXSourcesBuildPhase section */
		707954842B8866E000F1C8AB /* Sources */ = {
			isa = PBXSourcesBuildPhase;
			buildActionMask = 2147483647;
			files = (
				7085D4AF2B9A296000F79EAF /* LoginViewController.swift in Sources */,
				707954902B8866E000F1C8AB /* ViewController.swift in Sources */,
				15199EF12B8944AA00876ACF /* DashboardVC.swift in Sources */,
				B58622DB2B88FF7200639057 /* RegisterViewController.swift in Sources */,
				7079548C2B8866E000F1C8AB /* AppDelegate.swift in Sources */,
				7079548E2B8866E000F1C8AB /* SceneDelegate.swift in Sources */,
				707954A02B886B6D00F1C8AB /* SplashViewController.swift in Sources */,
			);
			runOnlyForDeploymentPostprocessing = 0;
		};
/* End PBXSourcesBuildPhase section */

/* Begin PBXVariantGroup section */
		707954912B8866E000F1C8AB /* Main.storyboard */ = {
			isa = PBXVariantGroup;
			children = (
				707954922B8866E000F1C8AB /* Base */,
			);
			name = Main.storyboard;
			sourceTree = "<group>";
		};
		707954962B8866E300F1C8AB /* LaunchScreen.storyboard */ = {
			isa = PBXVariantGroup;
			children = (
				707954972B8866E300F1C8AB /* Base */,
			);
			name = LaunchScreen.storyboard;
			sourceTree = "<group>";
		};
/* End PBXVariantGroup section */

/* Begin XCBuildConfiguration section */
		7079549A2B8866E300F1C8AB /* Debug */ = {
			isa = XCBuildConfiguration;
			buildSettings = {
				ALWAYS_SEARCH_USER_PATHS = NO;
				ASSETCATALOG_COMPILER_GENERATE_SWIFT_ASSET_SYMBOL_EXTENSIONS = YES;
				CLANG_ANALYZER_NONNULL = YES;
				CLANG_ANALYZER_NUMBER_OBJECT_CONVERSION = YES_AGGRESSIVE;
				CLANG_CXX_LANGUAGE_STANDARD = "gnu++20";
				CLANG_ENABLE_MODULES = YES;
				CLANG_ENABLE_OBJC_ARC = YES;
				CLANG_ENABLE_OBJC_WEAK = YES;
				CLANG_WARN_BLOCK_CAPTURE_AUTORELEASING = YES;
				CLANG_WARN_BOOL_CONVERSION = YES;
				CLANG_WARN_COMMA = YES;
				CLANG_WARN_CONSTANT_CONVERSION = YES;
				CLANG_WARN_DEPRECATED_OBJC_IMPLEMENTATIONS = YES;
				CLANG_WARN_DIRECT_OBJC_ISA_USAGE = YES_ERROR;
				CLANG_WARN_DOCUMENTATION_COMMENTS = YES;
				CLANG_WARN_EMPTY_BODY = YES;
				CLANG_WARN_ENUM_CONVERSION = YES;
				CLANG_WARN_INFINITE_RECURSION = YES;
				CLANG_WARN_INT_CONVERSION = YES;
				CLANG_WARN_NON_LITERAL_NULL_CONVERSION = YES;
				CLANG_WARN_OBJC_IMPLICIT_RETAIN_SELF = YES;
				CLANG_WARN_OBJC_LITERAL_CONVERSION = YES;
				CLANG_WARN_OBJC_ROOT_CLASS = YES_ERROR;
				CLANG_WARN_QUOTED_INCLUDE_IN_FRAMEWORK_HEADER = YES;
				CLANG_WARN_RANGE_LOOP_ANALYSIS = YES;
				CLANG_WARN_STRICT_PROTOTYPES = YES;
				CLANG_WARN_SUSPICIOUS_MOVE = YES;
				CLANG_WARN_UNGUARDED_AVAILABILITY = YES_AGGRESSIVE;
				CLANG_WARN_UNREACHABLE_CODE = YES;
				CLANG_WARN__DUPLICATE_METHOD_MATCH = YES;
				COPY_PHASE_STRIP = NO;
				DEBUG_INFORMATION_FORMAT = dwarf;
				ENABLE_STRICT_OBJC_MSGSEND = YES;
				ENABLE_TESTABILITY = YES;
				ENABLE_USER_SCRIPT_SANDBOXING = YES;
				GCC_C_LANGUAGE_STANDARD = gnu17;
				GCC_DYNAMIC_NO_PIC = NO;
				GCC_NO_COMMON_BLOCKS = YES;
				GCC_OPTIMIZATION_LEVEL = 0;
				GCC_PREPROCESSOR_DEFINITIONS = (
					"DEBUG=1",
					"$(inherited)",
				);
				GCC_WARN_64_TO_32_BIT_CONVERSION = YES;
				GCC_WARN_ABOUT_RETURN_TYPE = YES_ERROR;
				GCC_WARN_UNDECLARED_SELECTOR = YES;
				GCC_WARN_UNINITIALIZED_AUTOS = YES_AGGRESSIVE;
				GCC_WARN_UNUSED_FUNCTION = YES;
				GCC_WARN_UNUSED_VARIABLE = YES;
				IPHONEOS_DEPLOYMENT_TARGET = 17.2;
				LOCALIZATION_PREFERS_STRING_CATALOGS = YES;
				MTL_ENABLE_DEBUG_INFO = INCLUDE_SOURCE;
				MTL_FAST_MATH = YES;
				ONLY_ACTIVE_ARCH = YES;
				SDKROOT = iphoneos;
				SWIFT_ACTIVE_COMPILATION_CONDITIONS = "DEBUG $(inherited)";
				SWIFT_OPTIMIZATION_LEVEL = "-Onone";
			};
			name = Debug;
		};
		7079549B2B8866E300F1C8AB /* Release */ = {
			isa = XCBuildConfiguration;
			buildSettings = {
				ALWAYS_SEARCH_USER_PATHS = NO;
				ASSETCATALOG_COMPILER_GENERATE_SWIFT_ASSET_SYMBOL_EXTENSIONS = YES;
				CLANG_ANALYZER_NONNULL = YES;
				CLANG_ANALYZER_NUMBER_OBJECT_CONVERSION = YES_AGGRESSIVE;
				CLANG_CXX_LANGUAGE_STANDARD = "gnu++20";
				CLANG_ENABLE_MODULES = YES;
				CLANG_ENABLE_OBJC_ARC = YES;
				CLANG_ENABLE_OBJC_WEAK = YES;
				CLANG_WARN_BLOCK_CAPTURE_AUTORELEASING = YES;
				CLANG_WARN_BOOL_CONVERSION = YES;
				CLANG_WARN_COMMA = YES;
				CLANG_WARN_CONSTANT_CONVERSION = YES;
				CLANG_WARN_DEPRECATED_OBJC_IMPLEMENTATIONS = YES;
				CLANG_WARN_DIRECT_OBJC_ISA_USAGE = YES_ERROR;
				CLANG_WARN_DOCUMENTATION_COMMENTS = YES;
				CLANG_WARN_EMPTY_BODY = YES;
				CLANG_WARN_ENUM_CONVERSION = YES;
				CLANG_WARN_INFINITE_RECURSION = YES;
				CLANG_WARN_INT_CONVERSION = YES;
				CLANG_WARN_NON_LITERAL_NULL_CONVERSION = YES;
				CLANG_WARN_OBJC_IMPLICIT_RETAIN_SELF = YES;
				CLANG_WARN_OBJC_LITERAL_CONVERSION = YES;
				CLANG_WARN_OBJC_ROOT_CLASS = YES_ERROR;
				CLANG_WARN_QUOTED_INCLUDE_IN_FRAMEWORK_HEADER = YES;
				CLANG_WARN_RANGE_LOOP_ANALYSIS = YES;
				CLANG_WARN_STRICT_PROTOTYPES = YES;
				CLANG_WARN_SUSPICIOUS_MOVE = YES;
				CLANG_WARN_UNGUARDED_AVAILABILITY = YES_AGGRESSIVE;
				CLANG_WARN_UNREACHABLE_CODE = YES;
				CLANG_WARN__DUPLICATE_METHOD_MATCH = YES;
				COPY_PHASE_STRIP = NO;
				DEBUG_INFORMATION_FORMAT = "dwarf-with-dsym";
				ENABLE_NS_ASSERTIONS = NO;
				ENABLE_STRICT_OBJC_MSGSEND = YES;
				ENABLE_USER_SCRIPT_SANDBOXING = YES;
				GCC_C_LANGUAGE_STANDARD = gnu17;
				GCC_NO_COMMON_BLOCKS = YES;
				GCC_WARN_64_TO_32_BIT_CONVERSION = YES;
				GCC_WARN_ABOUT_RETURN_TYPE = YES_ERROR;
				GCC_WARN_UNDECLARED_SELECTOR = YES;
				GCC_WARN_UNINITIALIZED_AUTOS = YES_AGGRESSIVE;
				GCC_WARN_UNUSED_FUNCTION = YES;
				GCC_WARN_UNUSED_VARIABLE = YES;
				IPHONEOS_DEPLOYMENT_TARGET = 17.2;
				LOCALIZATION_PREFERS_STRING_CATALOGS = YES;
				MTL_ENABLE_DEBUG_INFO = NO;
				MTL_FAST_MATH = YES;
				SDKROOT = iphoneos;
				SWIFT_COMPILATION_MODE = wholemodule;
				VALIDATE_PRODUCT = YES;
			};
			name = Release;
		};
		7079549D2B8866E300F1C8AB /* Debug */ = {
			isa = XCBuildConfiguration;
			buildSettings = {
				ASSETCATALOG_COMPILER_APPICON_NAME = AppIcon;
				ASSETCATALOG_COMPILER_GLOBAL_ACCENT_COLOR_NAME = AccentColor;
				CODE_SIGN_STYLE = Automatic;
				CURRENT_PROJECT_VERSION = 1;
				GENERATE_INFOPLIST_FILE = YES;
				INFOPLIST_FILE = 44643Sec03Team08Spring2024FinalProject/Info.plist;
				INFOPLIST_KEY_UIApplicationSupportsIndirectInputEvents = YES;
				INFOPLIST_KEY_UILaunchStoryboardName = LaunchScreen;
				INFOPLIST_KEY_UIMainStoryboardFile = Main;
				INFOPLIST_KEY_UISupportedInterfaceOrientations_iPad = "UIInterfaceOrientationPortrait UIInterfaceOrientationPortraitUpsideDown UIInterfaceOrientationLandscapeLeft UIInterfaceOrientationLandscapeRight";
				INFOPLIST_KEY_UISupportedInterfaceOrientations_iPhone = "UIInterfaceOrientationPortrait UIInterfaceOrientationLandscapeLeft UIInterfaceOrientationLandscapeRight";
				LD_RUNPATH_SEARCH_PATHS = (
					"$(inherited)",
					"@executable_path/Frameworks",
				);
				MARKETING_VERSION = 1.0;
				PRODUCT_BUNDLE_IDENTIFIER = "edu.nwmissouri.spring24.cs44643.sec03.-4643Sec03Team08Spring2024FinalProject";
				PRODUCT_NAME = "$(TARGET_NAME)";
				SWIFT_EMIT_LOC_STRINGS = YES;
				SWIFT_VERSION = 5.0;
				TARGETED_DEVICE_FAMILY = "1,2";
			};
			name = Debug;
		};
		7079549E2B8866E300F1C8AB /* Release */ = {
			isa = XCBuildConfiguration;
			buildSettings = {
				ASSETCATALOG_COMPILER_APPICON_NAME = AppIcon;
				ASSETCATALOG_COMPILER_GLOBAL_ACCENT_COLOR_NAME = AccentColor;
				CODE_SIGN_STYLE = Automatic;
				CURRENT_PROJECT_VERSION = 1;
				GENERATE_INFOPLIST_FILE = YES;
				INFOPLIST_FILE = 44643Sec03Team08Spring2024FinalProject/Info.plist;
				INFOPLIST_KEY_UIApplicationSupportsIndirectInputEvents = YES;
				INFOPLIST_KEY_UILaunchStoryboardName = LaunchScreen;
				INFOPLIST_KEY_UIMainStoryboardFile = Main;
				INFOPLIST_KEY_UISupportedInterfaceOrientations_iPad = "UIInterfaceOrientationPortrait UIInterfaceOrientationPortraitUpsideDown UIInterfaceOrientationLandscapeLeft UIInterfaceOrientationLandscapeRight";
				INFOPLIST_KEY_UISupportedInterfaceOrientations_iPhone = "UIInterfaceOrientationPortrait UIInterfaceOrientationLandscapeLeft UIInterfaceOrientationLandscapeRight";
				LD_RUNPATH_SEARCH_PATHS = (
					"$(inherited)",
					"@executable_path/Frameworks",
				);
				MARKETING_VERSION = 1.0;
				PRODUCT_BUNDLE_IDENTIFIER = "edu.nwmissouri.spring24.cs44643.sec03.-4643Sec03Team08Spring2024FinalProject";
				PRODUCT_NAME = "$(TARGET_NAME)";
				SWIFT_EMIT_LOC_STRINGS = YES;
				SWIFT_VERSION = 5.0;
				TARGETED_DEVICE_FAMILY = "1,2";
			};
			name = Release;
		};
/* End XCBuildConfiguration section */

/* Begin XCConfigurationList section */
		707954832B8866E000F1C8AB /* Build configuration list for PBXProject "44643Sec03Team08Spring2024FinalProject" */ = {
			isa = XCConfigurationList;
			buildConfigurations = (
				7079549A2B8866E300F1C8AB /* Debug */,
				7079549B2B8866E300F1C8AB /* Release */,
			);
			defaultConfigurationIsVisible = 0;
			defaultConfigurationName = Release;
		};
		7079549C2B8866E300F1C8AB /* Build configuration list for PBXNativeTarget "44643Sec03Team08Spring2024FinalProject" */ = {
			isa = XCConfigurationList;
			buildConfigurations = (
				7079549D2B8866E300F1C8AB /* Debug */,
				7079549E2B8866E300F1C8AB /* Release */,
			);
			defaultConfigurationIsVisible = 0;
			defaultConfigurationName = Release;
		};
/* End XCConfigurationList section */
	};
	rootObject = 707954802B8866E000F1C8AB /* Project object */;
}
