// !$*UTF8*$!
{
	archiveVersion = 1;
	classes = {
	};
	objectVersion = 56;
	objects = {

/* Begin PBXBuildFile section */
		15C16C382BCCB06700D398F0 /* AddExpenseViewController.swift in Sources */ = {isa = PBXBuildFile; fileRef = 15C16C372BCCB06700D398F0 /* AddExpenseViewController.swift */; };
		15F5FA1C2BCF71630070777D /* FirebaseAnalytics in Frameworks */ = {isa = PBXBuildFile; productRef = 15F5FA1B2BCF71630070777D /* FirebaseAnalytics */; };
		15F5FA1E2BCF71630070777D /* FirebaseAnalyticsOnDeviceConversion in Frameworks */ = {isa = PBXBuildFile; productRef = 15F5FA1D2BCF71630070777D /* FirebaseAnalyticsOnDeviceConversion */; };
		15F5FA202BCF71630070777D /* FirebaseAnalyticsSwift in Frameworks */ = {isa = PBXBuildFile; productRef = 15F5FA1F2BCF71630070777D /* FirebaseAnalyticsSwift */; };
		15F5FA222BCF71630070777D /* FirebaseAnalyticsWithoutAdIdSupport in Frameworks */ = {isa = PBXBuildFile; productRef = 15F5FA212BCF71630070777D /* FirebaseAnalyticsWithoutAdIdSupport */; };
		15F5FA242BCF71630070777D /* FirebaseAppCheck in Frameworks */ = {isa = PBXBuildFile; productRef = 15F5FA232BCF71630070777D /* FirebaseAppCheck */; };
		15F5FA262BCF71630070777D /* FirebaseAppDistribution-Beta in Frameworks */ = {isa = PBXBuildFile; productRef = 15F5FA252BCF71630070777D /* FirebaseAppDistribution-Beta */; };
		15F5FA282BCF71630070777D /* FirebaseAuth in Frameworks */ = {isa = PBXBuildFile; productRef = 15F5FA272BCF71630070777D /* FirebaseAuth */; };
		15F5FA2A2BCF71630070777D /* FirebaseAuthCombine-Community in Frameworks */ = {isa = PBXBuildFile; productRef = 15F5FA292BCF71630070777D /* FirebaseAuthCombine-Community */; };
		15F5FA2C2BCF71630070777D /* FirebaseCrashlytics in Frameworks */ = {isa = PBXBuildFile; productRef = 15F5FA2B2BCF71630070777D /* FirebaseCrashlytics */; };
		15F5FA2E2BCF71630070777D /* FirebaseDatabase in Frameworks */ = {isa = PBXBuildFile; productRef = 15F5FA2D2BCF71630070777D /* FirebaseDatabase */; };
		15F5FA302BCF71630070777D /* FirebaseDatabaseSwift in Frameworks */ = {isa = PBXBuildFile; productRef = 15F5FA2F2BCF71630070777D /* FirebaseDatabaseSwift */; };
		15F5FA322BCF71630070777D /* FirebaseDynamicLinks in Frameworks */ = {isa = PBXBuildFile; productRef = 15F5FA312BCF71630070777D /* FirebaseDynamicLinks */; };
		15F5FA342BCF71630070777D /* FirebaseFirestore in Frameworks */ = {isa = PBXBuildFile; productRef = 15F5FA332BCF71630070777D /* FirebaseFirestore */; };
		15F5FA362BCF71630070777D /* FirebaseFirestoreCombine-Community in Frameworks */ = {isa = PBXBuildFile; productRef = 15F5FA352BCF71630070777D /* FirebaseFirestoreCombine-Community */; };
		15F5FA382BCF71630070777D /* FirebaseFirestoreSwift in Frameworks */ = {isa = PBXBuildFile; productRef = 15F5FA372BCF71630070777D /* FirebaseFirestoreSwift */; };
		15F5FA3A2BCF71630070777D /* FirebaseFunctions in Frameworks */ = {isa = PBXBuildFile; productRef = 15F5FA392BCF71630070777D /* FirebaseFunctions */; };
		15F5FA3C2BCF71630070777D /* FirebaseFunctionsCombine-Community in Frameworks */ = {isa = PBXBuildFile; productRef = 15F5FA3B2BCF71630070777D /* FirebaseFunctionsCombine-Community */; };
		15F5FA3E2BCF71630070777D /* FirebaseInAppMessaging-Beta in Frameworks */ = {isa = PBXBuildFile; productRef = 15F5FA3D2BCF71630070777D /* FirebaseInAppMessaging-Beta */; };
		15F5FA402BCF71630070777D /* FirebaseInAppMessagingSwift-Beta in Frameworks */ = {isa = PBXBuildFile; productRef = 15F5FA3F2BCF71630070777D /* FirebaseInAppMessagingSwift-Beta */; };
		15F5FA422BCF71630070777D /* FirebaseInstallations in Frameworks */ = {isa = PBXBuildFile; productRef = 15F5FA412BCF71630070777D /* FirebaseInstallations */; };
		15F5FA442BCF71630070777D /* FirebaseMLModelDownloader in Frameworks */ = {isa = PBXBuildFile; productRef = 15F5FA432BCF71630070777D /* FirebaseMLModelDownloader */; };
		15F5FA462BCF71630070777D /* FirebaseMessaging in Frameworks */ = {isa = PBXBuildFile; productRef = 15F5FA452BCF71630070777D /* FirebaseMessaging */; };
		15F5FA482BCF71630070777D /* FirebasePerformance in Frameworks */ = {isa = PBXBuildFile; productRef = 15F5FA472BCF71630070777D /* FirebasePerformance */; };
		15F5FA4A2BCF71630070777D /* FirebaseRemoteConfig in Frameworks */ = {isa = PBXBuildFile; productRef = 15F5FA492BCF71630070777D /* FirebaseRemoteConfig */; };
		15F5FA4C2BCF71630070777D /* FirebaseRemoteConfigSwift in Frameworks */ = {isa = PBXBuildFile; productRef = 15F5FA4B2BCF71630070777D /* FirebaseRemoteConfigSwift */; };
		15F5FA4E2BCF71630070777D /* FirebaseStorage in Frameworks */ = {isa = PBXBuildFile; productRef = 15F5FA4D2BCF71630070777D /* FirebaseStorage */; };
		15F5FA502BCF71630070777D /* FirebaseStorageCombine-Community in Frameworks */ = {isa = PBXBuildFile; productRef = 15F5FA4F2BCF71630070777D /* FirebaseStorageCombine-Community */; };
		15F5FA532BCF73490070777D /* DGCharts in Frameworks */ = {isa = PBXBuildFile; productRef = 15F5FA522BCF73490070777D /* DGCharts */; };
		15F5FA552BCF73490070777D /* DGChartsDynamic in Frameworks */ = {isa = PBXBuildFile; productRef = 15F5FA542BCF73490070777D /* DGChartsDynamic */; };
		7011446A2BC9ED9F00850E27 /* ExpenseTrackerModel.mlmodel in Sources */ = {isa = PBXBuildFile; fileRef = 701144692BC9ED9F00850E27 /* ExpenseTrackerModel.mlmodel */; };
		7011446C2BC9EDC200850E27 /* ExpenseTrackerAll.mlmodel in Sources */ = {isa = PBXBuildFile; fileRef = 7011446B2BC9EDC200850E27 /* ExpenseTrackerAll.mlmodel */; };
		70394FBD2BCAD32000817529 /* Extensions.swift in Sources */ = {isa = PBXBuildFile; fileRef = 70394FBC2BCAD32000817529 /* Extensions.swift */; };
		70EAE2A92BB6029800434819 /* AuthenticationModel.swift in Sources */ = {isa = PBXBuildFile; fileRef = 70EAE2A82BB6029800434819 /* AuthenticationModel.swift */; };
		742999FE2B860F3300C22B9C /* AppDelegate.swift in Sources */ = {isa = PBXBuildFile; fileRef = 742999FD2B860F3300C22B9C /* AppDelegate.swift */; };
		74299A002B860F3300C22B9C /* SceneDelegate.swift in Sources */ = {isa = PBXBuildFile; fileRef = 742999FF2B860F3300C22B9C /* SceneDelegate.swift */; };
		74299A022B860F3300C22B9C /* ViewController.swift in Sources */ = {isa = PBXBuildFile; fileRef = 74299A012B860F3300C22B9C /* ViewController.swift */; };
		74299A052B860F3300C22B9C /* Main.storyboard in Resources */ = {isa = PBXBuildFile; fileRef = 74299A032B860F3300C22B9C /* Main.storyboard */; };
		74299A072B860F3400C22B9C /* Assets.xcassets in Resources */ = {isa = PBXBuildFile; fileRef = 74299A062B860F3400C22B9C /* Assets.xcassets */; };
		74299A0A2B860F3400C22B9C /* LaunchScreen.storyboard in Resources */ = {isa = PBXBuildFile; fileRef = 74299A082B860F3400C22B9C /* LaunchScreen.storyboard */; };
		74299A122B86119800C22B9C /* LoginViewController.swift in Sources */ = {isa = PBXBuildFile; fileRef = 74299A112B86119800C22B9C /* LoginViewController.swift */; };
		74299A142B8611A000C22B9C /* RegisterViewController.swift in Sources */ = {isa = PBXBuildFile; fileRef = 74299A132B8611A000C22B9C /* RegisterViewController.swift */; };
		74299A162B86133B00C22B9C /* DashboardViewController.swift in Sources */ = {isa = PBXBuildFile; fileRef = 74299A152B86133B00C22B9C /* DashboardViewController.swift */; };
		74538E392B99BF4400AB0602 /* ProfileViewController.swift in Sources */ = {isa = PBXBuildFile; fileRef = 74538E382B99BF4400AB0602 /* ProfileViewController.swift */; };
		7455D6172B875215008560A9 /* SplashViewController.swift in Sources */ = {isa = PBXBuildFile; fileRef = 7455D6162B875215008560A9 /* SplashViewController.swift */; };
		EFE13E4C2BC9FB6F00F8EE33 /* ChangePasswordViewController.swift in Sources */ = {isa = PBXBuildFile; fileRef = EFE13E4B2BC9FB6F00F8EE33 /* ChangePasswordViewController.swift */; };
		EFE13E4E2BCA338800F8EE33 /* ExpenseModel.swift in Sources */ = {isa = PBXBuildFile; fileRef = EFE13E4D2BCA338800F8EE33 /* ExpenseModel.swift */; };
		EFE13E502BCAD94800F8EE33 /* GoogleService-Info.plist in Resources */ = {isa = PBXBuildFile; fileRef = EFE13E4F2BCAD94800F8EE33 /* GoogleService-Info.plist */; };
/* End PBXBuildFile section */

/* Begin PBXFileReference section */
		15C16C372BCCB06700D398F0 /* AddExpenseViewController.swift */ = {isa = PBXFileReference; lastKnownFileType = sourcecode.swift; path = AddExpenseViewController.swift; sourceTree = "<group>"; };
		701144692BC9ED9F00850E27 /* ExpenseTrackerModel.mlmodel */ = {isa = PBXFileReference; lastKnownFileType = file.mlmodel; path = ExpenseTrackerModel.mlmodel; sourceTree = "<group>"; };
		7011446B2BC9EDC200850E27 /* ExpenseTrackerAll.mlmodel */ = {isa = PBXFileReference; lastKnownFileType = file.mlmodel; path = ExpenseTrackerAll.mlmodel; sourceTree = "<group>"; };
		70394FBC2BCAD32000817529 /* Extensions.swift */ = {isa = PBXFileReference; lastKnownFileType = sourcecode.swift; path = Extensions.swift; sourceTree = "<group>"; };
		70EAE2A82BB6029800434819 /* AuthenticationModel.swift */ = {isa = PBXFileReference; lastKnownFileType = sourcecode.swift; path = AuthenticationModel.swift; sourceTree = "<group>"; };
		742999FA2B860F3300C22B9C /* ExpenseTracker.app */ = {isa = PBXFileReference; explicitFileType = wrapper.application; includeInIndex = 0; path = ExpenseTracker.app; sourceTree = BUILT_PRODUCTS_DIR; };
		742999FD2B860F3300C22B9C /* AppDelegate.swift */ = {isa = PBXFileReference; lastKnownFileType = sourcecode.swift; path = AppDelegate.swift; sourceTree = "<group>"; };
		742999FF2B860F3300C22B9C /* SceneDelegate.swift */ = {isa = PBXFileReference; lastKnownFileType = sourcecode.swift; path = SceneDelegate.swift; sourceTree = "<group>"; };
		74299A012B860F3300C22B9C /* ViewController.swift */ = {isa = PBXFileReference; lastKnownFileType = sourcecode.swift; path = ViewController.swift; sourceTree = "<group>"; };
		74299A042B860F3300C22B9C /* Base */ = {isa = PBXFileReference; lastKnownFileType = file.storyboard; name = Base; path = Base.lproj/Main.storyboard; sourceTree = "<group>"; };
		74299A062B860F3400C22B9C /* Assets.xcassets */ = {isa = PBXFileReference; lastKnownFileType = folder.assetcatalog; path = Assets.xcassets; sourceTree = "<group>"; };
		74299A092B860F3400C22B9C /* Base */ = {isa = PBXFileReference; lastKnownFileType = file.storyboard; name = Base; path = Base.lproj/LaunchScreen.storyboard; sourceTree = "<group>"; };
		74299A0B2B860F3400C22B9C /* Info.plist */ = {isa = PBXFileReference; lastKnownFileType = text.plist.xml; path = Info.plist; sourceTree = "<group>"; };
		74299A112B86119800C22B9C /* LoginViewController.swift */ = {isa = PBXFileReference; lastKnownFileType = sourcecode.swift; path = LoginViewController.swift; sourceTree = "<group>"; };
		74299A132B8611A000C22B9C /* RegisterViewController.swift */ = {isa = PBXFileReference; lastKnownFileType = sourcecode.swift; path = RegisterViewController.swift; sourceTree = "<group>"; };
		74299A152B86133B00C22B9C /* DashboardViewController.swift */ = {isa = PBXFileReference; lastKnownFileType = sourcecode.swift; path = DashboardViewController.swift; sourceTree = "<group>"; };
		74538E382B99BF4400AB0602 /* ProfileViewController.swift */ = {isa = PBXFileReference; lastKnownFileType = sourcecode.swift; path = ProfileViewController.swift; sourceTree = "<group>"; };
		7455D6162B875215008560A9 /* SplashViewController.swift */ = {isa = PBXFileReference; lastKnownFileType = sourcecode.swift; path = SplashViewController.swift; sourceTree = "<group>"; };
		EFE13E4B2BC9FB6F00F8EE33 /* ChangePasswordViewController.swift */ = {isa = PBXFileReference; lastKnownFileType = sourcecode.swift; path = ChangePasswordViewController.swift; sourceTree = "<group>"; };
		EFE13E4D2BCA338800F8EE33 /* ExpenseModel.swift */ = {isa = PBXFileReference; lastKnownFileType = sourcecode.swift; path = ExpenseModel.swift; sourceTree = "<group>"; };
		EFE13E4F2BCAD94800F8EE33 /* GoogleService-Info.plist */ = {isa = PBXFileReference; fileEncoding = 4; lastKnownFileType = text.plist.xml; path = "GoogleService-Info.plist"; sourceTree = "<group>"; };
/* End PBXFileReference section */

/* Begin PBXFrameworksBuildPhase section */
		742999F72B860F3300C22B9C /* Frameworks */ = {
			isa = PBXFrameworksBuildPhase;
			buildActionMask = 2147483647;
			files = (
				15F5FA552BCF73490070777D /* DGChartsDynamic in Frameworks */,
				15F5FA462BCF71630070777D /* FirebaseMessaging in Frameworks */,
				15F5FA382BCF71630070777D /* FirebaseFirestoreSwift in Frameworks */,
				15F5FA222BCF71630070777D /* FirebaseAnalyticsWithoutAdIdSupport in Frameworks */,
				15F5FA3A2BCF71630070777D /* FirebaseFunctions in Frameworks */,
				15F5FA1C2BCF71630070777D /* FirebaseAnalytics in Frameworks */,
				15F5FA282BCF71630070777D /* FirebaseAuth in Frameworks */,
				15F5FA322BCF71630070777D /* FirebaseDynamicLinks in Frameworks */,
				15F5FA2C2BCF71630070777D /* FirebaseCrashlytics in Frameworks */,
				15F5FA442BCF71630070777D /* FirebaseMLModelDownloader in Frameworks */,
				15F5FA302BCF71630070777D /* FirebaseDatabaseSwift in Frameworks */,
				15F5FA342BCF71630070777D /* FirebaseFirestore in Frameworks */,
				15F5FA422BCF71630070777D /* FirebaseInstallations in Frameworks */,
				15F5FA532BCF73490070777D /* DGCharts in Frameworks */,
				15F5FA3C2BCF71630070777D /* FirebaseFunctionsCombine-Community in Frameworks */,
				15F5FA362BCF71630070777D /* FirebaseFirestoreCombine-Community in Frameworks */,
				15F5FA2E2BCF71630070777D /* FirebaseDatabase in Frameworks */,
				15F5FA482BCF71630070777D /* FirebasePerformance in Frameworks */,
				15F5FA242BCF71630070777D /* FirebaseAppCheck in Frameworks */,
				15F5FA1E2BCF71630070777D /* FirebaseAnalyticsOnDeviceConversion in Frameworks */,
				15F5FA402BCF71630070777D /* FirebaseInAppMessagingSwift-Beta in Frameworks */,
				15F5FA4C2BCF71630070777D /* FirebaseRemoteConfigSwift in Frameworks */,
				15F5FA202BCF71630070777D /* FirebaseAnalyticsSwift in Frameworks */,
				15F5FA262BCF71630070777D /* FirebaseAppDistribution-Beta in Frameworks */,
				15F5FA4A2BCF71630070777D /* FirebaseRemoteConfig in Frameworks */,
				15F5FA4E2BCF71630070777D /* FirebaseStorage in Frameworks */,
				15F5FA2A2BCF71630070777D /* FirebaseAuthCombine-Community in Frameworks */,
				15F5FA502BCF71630070777D /* FirebaseStorageCombine-Community in Frameworks */,
				15F5FA3E2BCF71630070777D /* FirebaseInAppMessaging-Beta in Frameworks */,
			);
			runOnlyForDeploymentPostprocessing = 0;
		};
/* End PBXFrameworksBuildPhase section */

/* Begin PBXGroup section */
		742999F12B860F3300C22B9C = {
			isa = PBXGroup;
			children = (
				742999FC2B860F3300C22B9C /* ExpenseTracker */,
				742999FB2B860F3300C22B9C /* Products */,
			);
			sourceTree = "<group>";
		};
		742999FB2B860F3300C22B9C /* Products */ = {
			isa = PBXGroup;
			children = (
				742999FA2B860F3300C22B9C /* ExpenseTracker.app */,
			);
			name = Products;
			sourceTree = "<group>";
		};
		742999FC2B860F3300C22B9C /* ExpenseTracker */ = {
			isa = PBXGroup;
			children = (
				742999FD2B860F3300C22B9C /* AppDelegate.swift */,
				742999FF2B860F3300C22B9C /* SceneDelegate.swift */,
				70EAE2A82BB6029800434819 /* AuthenticationModel.swift */,
				74299A012B860F3300C22B9C /* ViewController.swift */,
				7455D6162B875215008560A9 /* SplashViewController.swift */,
				74299A112B86119800C22B9C /* LoginViewController.swift */,
				70394FBC2BCAD32000817529 /* Extensions.swift */,
				74299A132B8611A000C22B9C /* RegisterViewController.swift */,
				74299A152B86133B00C22B9C /* DashboardViewController.swift */,
				EFE13E4B2BC9FB6F00F8EE33 /* ChangePasswordViewController.swift */,
				EFE13E4D2BCA338800F8EE33 /* ExpenseModel.swift */,
				15C16C372BCCB06700D398F0 /* AddExpenseViewController.swift */,
				74538E382B99BF4400AB0602 /* ProfileViewController.swift */,
				74299A032B860F3300C22B9C /* Main.storyboard */,
				74299A062B860F3400C22B9C /* Assets.xcassets */,
				74299A082B860F3400C22B9C /* LaunchScreen.storyboard */,
				EFE13E4F2BCAD94800F8EE33 /* GoogleService-Info.plist */,
				7011446B2BC9EDC200850E27 /* ExpenseTrackerAll.mlmodel */,
				701144692BC9ED9F00850E27 /* ExpenseTrackerModel.mlmodel */,
				74299A0B2B860F3400C22B9C /* Info.plist */,
			);
			path = ExpenseTracker;
			sourceTree = "<group>";
		};
/* End PBXGroup section */

/* Begin PBXNativeTarget section */
		742999F92B860F3300C22B9C /* ExpenseTracker */ = {
			isa = PBXNativeTarget;
			buildConfigurationList = 74299A0E2B860F3400C22B9C /* Build configuration list for PBXNativeTarget "ExpenseTracker" */;
			buildPhases = (
				742999F62B860F3300C22B9C /* Sources */,
				742999F72B860F3300C22B9C /* Frameworks */,
				742999F82B860F3300C22B9C /* Resources */,
			);
			buildRules = (
			);
			dependencies = (
			);
			name = ExpenseTracker;
			packageProductDependencies = (
				15F5FA1B2BCF71630070777D /* FirebaseAnalytics */,
				15F5FA1D2BCF71630070777D /* FirebaseAnalyticsOnDeviceConversion */,
				15F5FA1F2BCF71630070777D /* FirebaseAnalyticsSwift */,
				15F5FA212BCF71630070777D /* FirebaseAnalyticsWithoutAdIdSupport */,
				15F5FA232BCF71630070777D /* FirebaseAppCheck */,
				15F5FA252BCF71630070777D /* FirebaseAppDistribution-Beta */,
				15F5FA272BCF71630070777D /* FirebaseAuth */,
				15F5FA292BCF71630070777D /* FirebaseAuthCombine-Community */,
				15F5FA2B2BCF71630070777D /* FirebaseCrashlytics */,
				15F5FA2D2BCF71630070777D /* FirebaseDatabase */,
				15F5FA2F2BCF71630070777D /* FirebaseDatabaseSwift */,
				15F5FA312BCF71630070777D /* FirebaseDynamicLinks */,
				15F5FA332BCF71630070777D /* FirebaseFirestore */,
				15F5FA352BCF71630070777D /* FirebaseFirestoreCombine-Community */,
				15F5FA372BCF71630070777D /* FirebaseFirestoreSwift */,
				15F5FA392BCF71630070777D /* FirebaseFunctions */,
				15F5FA3B2BCF71630070777D /* FirebaseFunctionsCombine-Community */,
				15F5FA3D2BCF71630070777D /* FirebaseInAppMessaging-Beta */,
				15F5FA3F2BCF71630070777D /* FirebaseInAppMessagingSwift-Beta */,
				15F5FA412BCF71630070777D /* FirebaseInstallations */,
				15F5FA432BCF71630070777D /* FirebaseMLModelDownloader */,
				15F5FA452BCF71630070777D /* FirebaseMessaging */,
				15F5FA472BCF71630070777D /* FirebasePerformance */,
				15F5FA492BCF71630070777D /* FirebaseRemoteConfig */,
				15F5FA4B2BCF71630070777D /* FirebaseRemoteConfigSwift */,
				15F5FA4D2BCF71630070777D /* FirebaseStorage */,
				15F5FA4F2BCF71630070777D /* FirebaseStorageCombine-Community */,
				15F5FA522BCF73490070777D /* DGCharts */,
				15F5FA542BCF73490070777D /* DGChartsDynamic */,
			);
			productName = ExpenseTracker;
			productReference = 742999FA2B860F3300C22B9C /* ExpenseTracker.app */;
			productType = "com.apple.product-type.application";
		};
/* End PBXNativeTarget section */

/* Begin PBXProject section */
		742999F22B860F3300C22B9C /* Project object */ = {
			isa = PBXProject;
			attributes = {
				BuildIndependentTargetsInParallel = 1;
				LastSwiftUpdateCheck = 1500;
				LastUpgradeCheck = 1500;
				TargetAttributes = {
					742999F92B860F3300C22B9C = {
						CreatedOnToolsVersion = 15.0.1;
					};
				};
			};
			buildConfigurationList = 742999F52B860F3300C22B9C /* Build configuration list for PBXProject "ExpenseTracker" */;
			compatibilityVersion = "Xcode 14.0";
			developmentRegion = en;
			hasScannedForEncodings = 0;
			knownRegions = (
				en,
				Base,
			);
			mainGroup = 742999F12B860F3300C22B9C;
			packageReferences = (
				15F5FA1A2BCF71630070777D /* XCRemoteSwiftPackageReference "firebase-ios-sdk" */,
				15F5FA512BCF73490070777D /* XCRemoteSwiftPackageReference "Charts" */,
			);
			productRefGroup = 742999FB2B860F3300C22B9C /* Products */;
			projectDirPath = "";
			projectRoot = "";
			targets = (
				742999F92B860F3300C22B9C /* ExpenseTracker */,
			);
		};
/* End PBXProject section */

/* Begin PBXResourcesBuildPhase section */
		742999F82B860F3300C22B9C /* Resources */ = {
			isa = PBXResourcesBuildPhase;
			buildActionMask = 2147483647;
			files = (
				74299A0A2B860F3400C22B9C /* LaunchScreen.storyboard in Resources */,
				EFE13E502BCAD94800F8EE33 /* GoogleService-Info.plist in Resources */,
				74299A072B860F3400C22B9C /* Assets.xcassets in Resources */,
				74299A052B860F3300C22B9C /* Main.storyboard in Resources */,
			);
			runOnlyForDeploymentPostprocessing = 0;
		};
/* End PBXResourcesBuildPhase section */

/* Begin PBXSourcesBuildPhase section */
		742999F62B860F3300C22B9C /* Sources */ = {
			isa = PBXSourcesBuildPhase;
			buildActionMask = 2147483647;
			files = (
				7011446A2BC9ED9F00850E27 /* ExpenseTrackerModel.mlmodel in Sources */,
				70EAE2A92BB6029800434819 /* AuthenticationModel.swift in Sources */,
				74299A122B86119800C22B9C /* LoginViewController.swift in Sources */,
				74299A162B86133B00C22B9C /* DashboardViewController.swift in Sources */,
				74299A142B8611A000C22B9C /* RegisterViewController.swift in Sources */,
				74299A022B860F3300C22B9C /* ViewController.swift in Sources */,
				7011446C2BC9EDC200850E27 /* ExpenseTrackerAll.mlmodel in Sources */,
				15C16C382BCCB06700D398F0 /* AddExpenseViewController.swift in Sources */,
				EFE13E4E2BCA338800F8EE33 /* ExpenseModel.swift in Sources */,
				742999FE2B860F3300C22B9C /* AppDelegate.swift in Sources */,
				7455D6172B875215008560A9 /* SplashViewController.swift in Sources */,
				EFE13E4C2BC9FB6F00F8EE33 /* ChangePasswordViewController.swift in Sources */,
				74538E392B99BF4400AB0602 /* ProfileViewController.swift in Sources */,
				74299A002B860F3300C22B9C /* SceneDelegate.swift in Sources */,
				70394FBD2BCAD32000817529 /* Extensions.swift in Sources */,
			);
			runOnlyForDeploymentPostprocessing = 0;
		};
/* End PBXSourcesBuildPhase section */

/* Begin PBXVariantGroup section */
		74299A032B860F3300C22B9C /* Main.storyboard */ = {
			isa = PBXVariantGroup;
			children = (
				74299A042B860F3300C22B9C /* Base */,
			);
			name = Main.storyboard;
			sourceTree = "<group>";
		};
		74299A082B860F3400C22B9C /* LaunchScreen.storyboard */ = {
			isa = PBXVariantGroup;
			children = (
				74299A092B860F3400C22B9C /* Base */,
			);
			name = LaunchScreen.storyboard;
			sourceTree = "<group>";
		};
/* End PBXVariantGroup section */

/* Begin XCBuildConfiguration section */
		74299A0C2B860F3400C22B9C /* Debug */ = {
			isa = XCBuildConfiguration;
			buildSettings = {
				ALWAYS_SEARCH_USER_PATHS = NO;
				ASSETCATALOG_COMPILER_GENERATE_SWIFT_ASSET_SYMBOL_EXTENSIONS = YES;
				CLANG_ANALYZER_NONNULL = YES;
				CLANG_ANALYZER_NUMBER_OBJECT_CONVERSION = YES_AGGRESSIVE;
				CLANG_CXX_LANGUAGE_STANDARD = "gnu++20";
				CLANG_ENABLE_MODULES = YES;
				CLANG_ENABLE_OBJC_ARC = YES;
				CLANG_ENABLE_OBJC_WEAK = YES;
				CLANG_WARN_BLOCK_CAPTURE_AUTORELEASING = YES;
				CLANG_WARN_BOOL_CONVERSION = YES;
				CLANG_WARN_COMMA = YES;
				CLANG_WARN_CONSTANT_CONVERSION = YES;
				CLANG_WARN_DEPRECATED_OBJC_IMPLEMENTATIONS = YES;
				CLANG_WARN_DIRECT_OBJC_ISA_USAGE = YES_ERROR;
				CLANG_WARN_DOCUMENTATION_COMMENTS = YES;
				CLANG_WARN_EMPTY_BODY = YES;
				CLANG_WARN_ENUM_CONVERSION = YES;
				CLANG_WARN_INFINITE_RECURSION = YES;
				CLANG_WARN_INT_CONVERSION = YES;
				CLANG_WARN_NON_LITERAL_NULL_CONVERSION = YES;
				CLANG_WARN_OBJC_IMPLICIT_RETAIN_SELF = YES;
				CLANG_WARN_OBJC_LITERAL_CONVERSION = YES;
				CLANG_WARN_OBJC_ROOT_CLASS = YES_ERROR;
				CLANG_WARN_QUOTED_INCLUDE_IN_FRAMEWORK_HEADER = YES;
				CLANG_WARN_RANGE_LOOP_ANALYSIS = YES;
				CLANG_WARN_STRICT_PROTOTYPES = YES;
				CLANG_WARN_SUSPICIOUS_MOVE = YES;
				CLANG_WARN_UNGUARDED_AVAILABILITY = YES_AGGRESSIVE;
				CLANG_WARN_UNREACHABLE_CODE = YES;
				CLANG_WARN__DUPLICATE_METHOD_MATCH = YES;
				COPY_PHASE_STRIP = NO;
				DEBUG_INFORMATION_FORMAT = dwarf;
				ENABLE_STRICT_OBJC_MSGSEND = YES;
				ENABLE_TESTABILITY = YES;
				ENABLE_USER_SCRIPT_SANDBOXING = YES;
				GCC_C_LANGUAGE_STANDARD = gnu17;
				GCC_DYNAMIC_NO_PIC = NO;
				GCC_NO_COMMON_BLOCKS = YES;
				GCC_OPTIMIZATION_LEVEL = 0;
				GCC_PREPROCESSOR_DEFINITIONS = (
					"DEBUG=1",
					"$(inherited)",
				);
				GCC_WARN_64_TO_32_BIT_CONVERSION = YES;
				GCC_WARN_ABOUT_RETURN_TYPE = YES_ERROR;
				GCC_WARN_UNDECLARED_SELECTOR = YES;
				GCC_WARN_UNINITIALIZED_AUTOS = YES_AGGRESSIVE;
				GCC_WARN_UNUSED_FUNCTION = YES;
				GCC_WARN_UNUSED_VARIABLE = YES;
				IPHONEOS_DEPLOYMENT_TARGET = 17.0;
				LOCALIZATION_PREFERS_STRING_CATALOGS = YES;
				MTL_ENABLE_DEBUG_INFO = INCLUDE_SOURCE;
				MTL_FAST_MATH = YES;
				ONLY_ACTIVE_ARCH = YES;
				SDKROOT = iphoneos;
				SWIFT_ACTIVE_COMPILATION_CONDITIONS = "DEBUG $(inherited)";
				SWIFT_OPTIMIZATION_LEVEL = "-Onone";
			};
			name = Debug;
		};
		74299A0D2B860F3400C22B9C /* Release */ = {
			isa = XCBuildConfiguration;
			buildSettings = {
				ALWAYS_SEARCH_USER_PATHS = NO;
				ASSETCATALOG_COMPILER_GENERATE_SWIFT_ASSET_SYMBOL_EXTENSIONS = YES;
				CLANG_ANALYZER_NONNULL = YES;
				CLANG_ANALYZER_NUMBER_OBJECT_CONVERSION = YES_AGGRESSIVE;
				CLANG_CXX_LANGUAGE_STANDARD = "gnu++20";
				CLANG_ENABLE_MODULES = YES;
				CLANG_ENABLE_OBJC_ARC = YES;
				CLANG_ENABLE_OBJC_WEAK = YES;
				CLANG_WARN_BLOCK_CAPTURE_AUTORELEASING = YES;
				CLANG_WARN_BOOL_CONVERSION = YES;
				CLANG_WARN_COMMA = YES;
				CLANG_WARN_CONSTANT_CONVERSION = YES;
				CLANG_WARN_DEPRECATED_OBJC_IMPLEMENTATIONS = YES;
				CLANG_WARN_DIRECT_OBJC_ISA_USAGE = YES_ERROR;
				CLANG_WARN_DOCUMENTATION_COMMENTS = YES;
				CLANG_WARN_EMPTY_BODY = YES;
				CLANG_WARN_ENUM_CONVERSION = YES;
				CLANG_WARN_INFINITE_RECURSION = YES;
				CLANG_WARN_INT_CONVERSION = YES;
				CLANG_WARN_NON_LITERAL_NULL_CONVERSION = YES;
				CLANG_WARN_OBJC_IMPLICIT_RETAIN_SELF = YES;
				CLANG_WARN_OBJC_LITERAL_CONVERSION = YES;
				CLANG_WARN_OBJC_ROOT_CLASS = YES_ERROR;
				CLANG_WARN_QUOTED_INCLUDE_IN_FRAMEWORK_HEADER = YES;
				CLANG_WARN_RANGE_LOOP_ANALYSIS = YES;
				CLANG_WARN_STRICT_PROTOTYPES = YES;
				CLANG_WARN_SUSPICIOUS_MOVE = YES;
				CLANG_WARN_UNGUARDED_AVAILABILITY = YES_AGGRESSIVE;
				CLANG_WARN_UNREACHABLE_CODE = YES;
				CLANG_WARN__DUPLICATE_METHOD_MATCH = YES;
				COPY_PHASE_STRIP = NO;
				DEBUG_INFORMATION_FORMAT = "dwarf-with-dsym";
				ENABLE_NS_ASSERTIONS = NO;
				ENABLE_STRICT_OBJC_MSGSEND = YES;
				ENABLE_USER_SCRIPT_SANDBOXING = YES;
				GCC_C_LANGUAGE_STANDARD = gnu17;
				GCC_NO_COMMON_BLOCKS = YES;
				GCC_WARN_64_TO_32_BIT_CONVERSION = YES;
				GCC_WARN_ABOUT_RETURN_TYPE = YES_ERROR;
				GCC_WARN_UNDECLARED_SELECTOR = YES;
				GCC_WARN_UNINITIALIZED_AUTOS = YES_AGGRESSIVE;
				GCC_WARN_UNUSED_FUNCTION = YES;
				GCC_WARN_UNUSED_VARIABLE = YES;
				IPHONEOS_DEPLOYMENT_TARGET = 17.0;
				LOCALIZATION_PREFERS_STRING_CATALOGS = YES;
				MTL_ENABLE_DEBUG_INFO = NO;
				MTL_FAST_MATH = YES;
				SDKROOT = iphoneos;
				SWIFT_COMPILATION_MODE = wholemodule;
				VALIDATE_PRODUCT = YES;
			};
			name = Release;
		};
		74299A0F2B860F3400C22B9C /* Debug */ = {
			isa = XCBuildConfiguration;
			buildSettings = {
				ASSETCATALOG_COMPILER_APPICON_NAME = AppIcon;
				ASSETCATALOG_COMPILER_GLOBAL_ACCENT_COLOR_NAME = AccentColor;
				CODE_SIGN_STYLE = Automatic;
				CURRENT_PROJECT_VERSION = 1;
				GENERATE_INFOPLIST_FILE = YES;
				INFOPLIST_FILE = ExpenseTracker/Info.plist;
				INFOPLIST_KEY_UIApplicationSupportsIndirectInputEvents = YES;
				INFOPLIST_KEY_UILaunchStoryboardName = LaunchScreen;
				INFOPLIST_KEY_UIMainStoryboardFile = Main;
				INFOPLIST_KEY_UISupportedInterfaceOrientations_iPad = "UIInterfaceOrientationPortrait UIInterfaceOrientationPortraitUpsideDown UIInterfaceOrientationLandscapeLeft UIInterfaceOrientationLandscapeRight";
				INFOPLIST_KEY_UISupportedInterfaceOrientations_iPhone = "UIInterfaceOrientationPortrait UIInterfaceOrientationLandscapeLeft UIInterfaceOrientationLandscapeRight";
				IPHONEOS_DEPLOYMENT_TARGET = 14.0;
				LD_RUNPATH_SEARCH_PATHS = (
					"$(inherited)",
					"@executable_path/Frameworks",
				);
				MARKETING_VERSION = 1.0;
				PRODUCT_BUNDLE_IDENTIFIER = edu.nwmissouri.spring24.cs44643.sec.ExpenseTracker;
				PRODUCT_NAME = "$(TARGET_NAME)";
				SWIFT_EMIT_LOC_STRINGS = YES;
				SWIFT_VERSION = 5.0;
				TARGETED_DEVICE_FAMILY = "1,2";
			};
			name = Debug;
		};
		74299A102B860F3400C22B9C /* Release */ = {
			isa = XCBuildConfiguration;
			buildSettings = {
				ASSETCATALOG_COMPILER_APPICON_NAME = AppIcon;
				ASSETCATALOG_COMPILER_GLOBAL_ACCENT_COLOR_NAME = AccentColor;
				CODE_SIGN_STYLE = Automatic;
				CURRENT_PROJECT_VERSION = 1;
				GENERATE_INFOPLIST_FILE = YES;
				INFOPLIST_FILE = ExpenseTracker/Info.plist;
				INFOPLIST_KEY_UIApplicationSupportsIndirectInputEvents = YES;
				INFOPLIST_KEY_UILaunchStoryboardName = LaunchScreen;
				INFOPLIST_KEY_UIMainStoryboardFile = Main;
				INFOPLIST_KEY_UISupportedInterfaceOrientations_iPad = "UIInterfaceOrientationPortrait UIInterfaceOrientationPortraitUpsideDown UIInterfaceOrientationLandscapeLeft UIInterfaceOrientationLandscapeRight";
				INFOPLIST_KEY_UISupportedInterfaceOrientations_iPhone = "UIInterfaceOrientationPortrait UIInterfaceOrientationLandscapeLeft UIInterfaceOrientationLandscapeRight";
				IPHONEOS_DEPLOYMENT_TARGET = 14.0;
				LD_RUNPATH_SEARCH_PATHS = (
					"$(inherited)",
					"@executable_path/Frameworks",
				);
				MARKETING_VERSION = 1.0;
				PRODUCT_BUNDLE_IDENTIFIER = edu.nwmissouri.spring24.cs44643.sec.ExpenseTracker;
				PRODUCT_NAME = "$(TARGET_NAME)";
				SWIFT_EMIT_LOC_STRINGS = YES;
				SWIFT_VERSION = 5.0;
				TARGETED_DEVICE_FAMILY = "1,2";
			};
			name = Release;
		};
/* End XCBuildConfiguration section */

/* Begin XCConfigurationList section */
		742999F52B860F3300C22B9C /* Build configuration list for PBXProject "ExpenseTracker" */ = {
			isa = XCConfigurationList;
			buildConfigurations = (
				74299A0C2B860F3400C22B9C /* Debug */,
				74299A0D2B860F3400C22B9C /* Release */,
			);
			defaultConfigurationIsVisible = 0;
			defaultConfigurationName = Release;
		};
		74299A0E2B860F3400C22B9C /* Build configuration list for PBXNativeTarget "ExpenseTracker" */ = {
			isa = XCConfigurationList;
			buildConfigurations = (
				74299A0F2B860F3400C22B9C /* Debug */,
				74299A102B860F3400C22B9C /* Release */,
			);
			defaultConfigurationIsVisible = 0;
			defaultConfigurationName = Release;
		};
/* End XCConfigurationList section */

/* Begin XCRemoteSwiftPackageReference section */
		15F5FA1A2BCF71630070777D /* XCRemoteSwiftPackageReference "firebase-ios-sdk" */ = {
			isa = XCRemoteSwiftPackageReference;
			repositoryURL = "https://github.com/firebase/firebase-ios-sdk";
			requirement = {
				kind = upToNextMajorVersion;
				minimumVersion = 10.24.0;
			};
		};
		15F5FA512BCF73490070777D /* XCRemoteSwiftPackageReference "Charts" */ = {
			isa = XCRemoteSwiftPackageReference;
			repositoryURL = "https://github.com/danielgindi/Charts.git";
			requirement = {
				kind = upToNextMajorVersion;
				minimumVersion = 5.1.0;
			};
		};
/* End XCRemoteSwiftPackageReference section */

/* Begin XCSwiftPackageProductDependency section */
		15F5FA1B2BCF71630070777D /* FirebaseAnalytics */ = {
			isa = XCSwiftPackageProductDependency;
			package = 15F5FA1A2BCF71630070777D /* XCRemoteSwiftPackageReference "firebase-ios-sdk" */;
			productName = FirebaseAnalytics;
		};
		15F5FA1D2BCF71630070777D /* FirebaseAnalyticsOnDeviceConversion */ = {
			isa = XCSwiftPackageProductDependency;
			package = 15F5FA1A2BCF71630070777D /* XCRemoteSwiftPackageReference "firebase-ios-sdk" */;
			productName = FirebaseAnalyticsOnDeviceConversion;
		};
		15F5FA1F2BCF71630070777D /* FirebaseAnalyticsSwift */ = {
			isa = XCSwiftPackageProductDependency;
			package = 15F5FA1A2BCF71630070777D /* XCRemoteSwiftPackageReference "firebase-ios-sdk" */;
			productName = FirebaseAnalyticsSwift;
		};
		15F5FA212BCF71630070777D /* FirebaseAnalyticsWithoutAdIdSupport */ = {
			isa = XCSwiftPackageProductDependency;
			package = 15F5FA1A2BCF71630070777D /* XCRemoteSwiftPackageReference "firebase-ios-sdk" */;
			productName = FirebaseAnalyticsWithoutAdIdSupport;
		};
		15F5FA232BCF71630070777D /* FirebaseAppCheck */ = {
			isa = XCSwiftPackageProductDependency;
			package = 15F5FA1A2BCF71630070777D /* XCRemoteSwiftPackageReference "firebase-ios-sdk" */;
			productName = FirebaseAppCheck;
		};
		15F5FA252BCF71630070777D /* FirebaseAppDistribution-Beta */ = {
			isa = XCSwiftPackageProductDependency;
			package = 15F5FA1A2BCF71630070777D /* XCRemoteSwiftPackageReference "firebase-ios-sdk" */;
			productName = "FirebaseAppDistribution-Beta";
		};
		15F5FA272BCF71630070777D /* FirebaseAuth */ = {
			isa = XCSwiftPackageProductDependency;
			package = 15F5FA1A2BCF71630070777D /* XCRemoteSwiftPackageReference "firebase-ios-sdk" */;
			productName = FirebaseAuth;
		};
		15F5FA292BCF71630070777D /* FirebaseAuthCombine-Community */ = {
			isa = XCSwiftPackageProductDependency;
			package = 15F5FA1A2BCF71630070777D /* XCRemoteSwiftPackageReference "firebase-ios-sdk" */;
			productName = "FirebaseAuthCombine-Community";
		};
		15F5FA2B2BCF71630070777D /* FirebaseCrashlytics */ = {
			isa = XCSwiftPackageProductDependency;
			package = 15F5FA1A2BCF71630070777D /* XCRemoteSwiftPackageReference "firebase-ios-sdk" */;
			productName = FirebaseCrashlytics;
		};
		15F5FA2D2BCF71630070777D /* FirebaseDatabase */ = {
			isa = XCSwiftPackageProductDependency;
			package = 15F5FA1A2BCF71630070777D /* XCRemoteSwiftPackageReference "firebase-ios-sdk" */;
			productName = FirebaseDatabase;
		};
		15F5FA2F2BCF71630070777D /* FirebaseDatabaseSwift */ = {
			isa = XCSwiftPackageProductDependency;
			package = 15F5FA1A2BCF71630070777D /* XCRemoteSwiftPackageReference "firebase-ios-sdk" */;
			productName = FirebaseDatabaseSwift;
		};
		15F5FA312BCF71630070777D /* FirebaseDynamicLinks */ = {
			isa = XCSwiftPackageProductDependency;
			package = 15F5FA1A2BCF71630070777D /* XCRemoteSwiftPackageReference "firebase-ios-sdk" */;
			productName = FirebaseDynamicLinks;
		};
		15F5FA332BCF71630070777D /* FirebaseFirestore */ = {
			isa = XCSwiftPackageProductDependency;
			package = 15F5FA1A2BCF71630070777D /* XCRemoteSwiftPackageReference "firebase-ios-sdk" */;
			productName = FirebaseFirestore;
		};
		15F5FA352BCF71630070777D /* FirebaseFirestoreCombine-Community */ = {
			isa = XCSwiftPackageProductDependency;
			package = 15F5FA1A2BCF71630070777D /* XCRemoteSwiftPackageReference "firebase-ios-sdk" */;
			productName = "FirebaseFirestoreCombine-Community";
		};
		15F5FA372BCF71630070777D /* FirebaseFirestoreSwift */ = {
			isa = XCSwiftPackageProductDependency;
			package = 15F5FA1A2BCF71630070777D /* XCRemoteSwiftPackageReference "firebase-ios-sdk" */;
			productName = FirebaseFirestoreSwift;
		};
		15F5FA392BCF71630070777D /* FirebaseFunctions */ = {
			isa = XCSwiftPackageProductDependency;
			package = 15F5FA1A2BCF71630070777D /* XCRemoteSwiftPackageReference "firebase-ios-sdk" */;
			productName = FirebaseFunctions;
		};
		15F5FA3B2BCF71630070777D /* FirebaseFunctionsCombine-Community */ = {
			isa = XCSwiftPackageProductDependency;
			package = 15F5FA1A2BCF71630070777D /* XCRemoteSwiftPackageReference "firebase-ios-sdk" */;
			productName = "FirebaseFunctionsCombine-Community";
		};
		15F5FA3D2BCF71630070777D /* FirebaseInAppMessaging-Beta */ = {
			isa = XCSwiftPackageProductDependency;
			package = 15F5FA1A2BCF71630070777D /* XCRemoteSwiftPackageReference "firebase-ios-sdk" */;
			productName = "FirebaseInAppMessaging-Beta";
		};
		15F5FA3F2BCF71630070777D /* FirebaseInAppMessagingSwift-Beta */ = {
			isa = XCSwiftPackageProductDependency;
			package = 15F5FA1A2BCF71630070777D /* XCRemoteSwiftPackageReference "firebase-ios-sdk" */;
			productName = "FirebaseInAppMessagingSwift-Beta";
		};
		15F5FA412BCF71630070777D /* FirebaseInstallations */ = {
			isa = XCSwiftPackageProductDependency;
			package = 15F5FA1A2BCF71630070777D /* XCRemoteSwiftPackageReference "firebase-ios-sdk" */;
			productName = FirebaseInstallations;
		};
		15F5FA432BCF71630070777D /* FirebaseMLModelDownloader */ = {
			isa = XCSwiftPackageProductDependency;
			package = 15F5FA1A2BCF71630070777D /* XCRemoteSwiftPackageReference "firebase-ios-sdk" */;
			productName = FirebaseMLModelDownloader;
		};
		15F5FA452BCF71630070777D /* FirebaseMessaging */ = {
			isa = XCSwiftPackageProductDependency;
			package = 15F5FA1A2BCF71630070777D /* XCRemoteSwiftPackageReference "firebase-ios-sdk" */;
			productName = FirebaseMessaging;
		};
		15F5FA472BCF71630070777D /* FirebasePerformance */ = {
			isa = XCSwiftPackageProductDependency;
			package = 15F5FA1A2BCF71630070777D /* XCRemoteSwiftPackageReference "firebase-ios-sdk" */;
			productName = FirebasePerformance;
		};
		15F5FA492BCF71630070777D /* FirebaseRemoteConfig */ = {
			isa = XCSwiftPackageProductDependency;
			package = 15F5FA1A2BCF71630070777D /* XCRemoteSwiftPackageReference "firebase-ios-sdk" */;
			productName = FirebaseRemoteConfig;
		};
		15F5FA4B2BCF71630070777D /* FirebaseRemoteConfigSwift */ = {
			isa = XCSwiftPackageProductDependency;
			package = 15F5FA1A2BCF71630070777D /* XCRemoteSwiftPackageReference "firebase-ios-sdk" */;
			productName = FirebaseRemoteConfigSwift;
		};
		15F5FA4D2BCF71630070777D /* FirebaseStorage */ = {
			isa = XCSwiftPackageProductDependency;
			package = 15F5FA1A2BCF71630070777D /* XCRemoteSwiftPackageReference "firebase-ios-sdk" */;
			productName = FirebaseStorage;
		};
		15F5FA4F2BCF71630070777D /* FirebaseStorageCombine-Community */ = {
			isa = XCSwiftPackageProductDependency;
			package = 15F5FA1A2BCF71630070777D /* XCRemoteSwiftPackageReference "firebase-ios-sdk" */;
			productName = "FirebaseStorageCombine-Community";
		};
		15F5FA522BCF73490070777D /* DGCharts */ = {
			isa = XCSwiftPackageProductDependency;
			package = 15F5FA512BCF73490070777D /* XCRemoteSwiftPackageReference "Charts" */;
			productName = DGCharts;
		};
		15F5FA542BCF73490070777D /* DGChartsDynamic */ = {
			isa = XCSwiftPackageProductDependency;
			package = 15F5FA512BCF73490070777D /* XCRemoteSwiftPackageReference "Charts" */;
			productName = DGChartsDynamic;
		};
/* End XCSwiftPackageProductDependency section */
	};
	rootObject = 742999F22B860F3300C22B9C /* Project object */;
}
